
Microsoft Visual Studio Solution File, Format Version 12.00
# Visual Studio 15
VisualStudioVersion = 15.0.27703.2035
MinimumVisualStudioVersion = 10.0.40219.1
Project("{FAE04EC0-301F-11D3-BF4B-00C04F79EFBC}") = "DemoCrud2", "DemoCrud2\DemoCrud2.csproj", "{FCEF6F05-0432-403E-9A36-FCFA0037F279}"
EndProject
Global
	GlobalSection(SolutionConfigurationPlatforms) = preSolution
		Debug|Any CPU = Debug|Any CPU
		Release|Any CPU = Release|Any CPU
	EndGlobalSection
	GlobalSection(ProjectConfigurationPlatforms) = postSolution
		{FCEF6F05-0432-403E-9A36-FCFA0037F279}.Debug|Any CPU.ActiveCfg = Debug|Any CPU
		{FCEF6F05-0432-403E-9A36-FCFA0037F279}.Debug|Any CPU.Build.0 = Debug|Any CPU
		{FCEF6F05-0432-403E-9A36-FCFA0037F279}.Release|Any CPU.ActiveCfg = Release|Any CPU
		{FCEF6F05-0432-403E-9A36-FCFA0037F279}.Release|Any CPU.Build.0 = Release|Any CPU
	EndGlobalSection
	GlobalSection(SolutionProperties) = preSolution
		HideSolutionNode = FALSE
	EndGlobalSection
	GlobalSection(ExtensibilityGlobals) = postSolution
		SolutionGuid = {03F60974-B089-4CEE-8316-1A0A26F98A83}
	EndGlobalSection
EndGlobal
